<?xml version="1.0" encoding="utf-8"?>
<Project ToolsVersion="4.0" xmlns="http://schemas.microsoft.com/developer/msbuild/2003">
  <ItemGroup>
    <ClInclude Include="Application.h" />
    <ClInclude Include="CubeEngine.h" />
    <ClInclude Include="Point.h" />
    <ClInclude Include="IScene.h" />
    <ClInclude Include="OpenGL.h">
      <Filter>Graph</Filter>
    </ClInclude>
  </ItemGroup>
  <ItemGroup>
    <None Include="packages.config" />
  </ItemGroup>
  <ItemGroup>
    <ClCompile Include="Application.cpp" />
    <ClCompile Include="Shader.cpp">
      <Filter>Graph</Filter>
    </ClCompile>
    <ClCompile Include="VAO.cpp">
      <Filter>Graph</Filter>
    </ClCompile>
    <ClCompile Include="OpenGL.cpp">
      <Filter>Graph</Filter>
    </ClCompile>
  </ItemGroup>
  <ItemGroup>
    <Filter Include="Graph">
      <UniqueIdentifier>{a0627762-7859-4383-93a6-c6f49c7fcc51}</UniqueIdentifier>
    </Filter>
  </ItemGroup>
</Project>